
Microsoft Visual Studio Solution File, Format Version 12.00
# Visual Studio Version 17
VisualStudioVersion = 17.5.002.0
MinimumVisualStudioVersion = 10.0.40219.1
Project("{9A19103F-16F7-4668-BE54-9A1E7A4F7556}") = "Box", "Box.csproj", "{68146DD5-523A-45A3-A5C8-52C2FDDB6E8C}"
EndProject
Global
	GlobalSection(SolutionConfigurationPlatforms) = preSolution
		Debug|Any CPU = Debug|Any CPU
		Release|Any CPU = Release|Any CPU
	EndGlobalSection
	GlobalSection(ProjectConfigurationPlatforms) = postSolution
		{68146DD5-523A-45A3-A5C8-52C2FDDB6E8C}.Debug|Any CPU.ActiveCfg = Debug|Any CPU
		{68146DD5-523A-45A3-A5C8-52C2FDDB6E8C}.Debug|Any CPU.Build.0 = Debug|Any CPU
		{68146DD5-523A-45A3-A5C8-52C2FDDB6E8C}.Release|Any CPU.ActiveCfg = Release|Any CPU
		{68146DD5-523A-45A3-A5C8-52C2FDDB6E8C}.Release|Any CPU.Build.0 = Release|Any CPU
	EndGlobalSection
	GlobalSection(SolutionProperties) = preSolution
		HideSolutionNode = FALSE
	EndGlobalSection
	GlobalSection(ExtensibilityGlobals) = postSolution
		SolutionGuid = {A3631196-F65F-426C-8623-37AB56206A83}
	EndGlobalSection
EndGlobal
